
Microsoft Visual Studio Solution File, Format Version 12.00
# Visual Studio Version 17
VisualStudioVersion = 17.0.32014.148
MinimumVisualStudioVersion = 10.0.40219.1
Project("{FAE04EC0-301F-11D3-BF4B-00C04F79EFBC}") = "SamuraiApp.Domain", "SamuraiApp.Domain\SamuraiApp.Domain.csproj", "{DD99E986-0606-4D58-AA1B-D5637B6C8FF3}"
EndProject
Project("{FAE04EC0-301F-11D3-BF4B-00C04F79EFBC}") = "SamuraiApp.Data", "SamuraiApp.Data\SamuraiApp.Data.csproj", "{4DC49D8A-E059-4D71-A2F9-C658A2ECACCA}"
EndProject
Project("{FAE04EC0-301F-11D3-BF4B-00C04F79EFBC}") = "SamuraiApp.UI", "SamuraiApp.UI\SamuraiApp.UI.csproj", "{73D936B9-822D-42F9-B498-6A52B0D691A1}"
EndProject
Global
	GlobalSection(SolutionConfigurationPlatforms) = preSolution
		Debug|Any CPU = Debug|Any CPU
		Release|Any CPU = Release|Any CPU
	EndGlobalSection
	GlobalSection(ProjectConfigurationPlatforms) = postSolution
		{DD99E986-0606-4D58-AA1B-D5637B6C8FF3}.Debug|Any CPU.ActiveCfg = Debug|Any CPU
		{DD99E986-0606-4D58-AA1B-D5637B6C8FF3}.Debug|Any CPU.Build.0 = Debug|Any CPU
		{DD99E986-0606-4D58-AA1B-D5637B6C8FF3}.Release|Any CPU.ActiveCfg = Release|Any CPU
		{DD99E986-0606-4D58-AA1B-D5637B6C8FF3}.Release|Any CPU.Build.0 = Release|Any CPU
		{4DC49D8A-E059-4D71-A2F9-C658A2ECACCA}.Debug|Any CPU.ActiveCfg = Debug|Any CPU
		{4DC49D8A-E059-4D71-A2F9-C658A2ECACCA}.Debug|Any CPU.Build.0 = Debug|Any CPU
		{4DC49D8A-E059-4D71-A2F9-C658A2ECACCA}.Release|Any CPU.ActiveCfg = Release|Any CPU
		{4DC49D8A-E059-4D71-A2F9-C658A2ECACCA}.Release|Any CPU.Build.0 = Release|Any CPU
		{73D936B9-822D-42F9-B498-6A52B0D691A1}.Debug|Any CPU.ActiveCfg = Debug|Any CPU
		{73D936B9-822D-42F9-B498-6A52B0D691A1}.Debug|Any CPU.Build.0 = Debug|Any CPU
		{73D936B9-822D-42F9-B498-6A52B0D691A1}.Release|Any CPU.ActiveCfg = Release|Any CPU
		{73D936B9-822D-42F9-B498-6A52B0D691A1}.Release|Any CPU.Build.0 = Release|Any CPU
	EndGlobalSection
	GlobalSection(SolutionProperties) = preSolution
		HideSolutionNode = FALSE
	EndGlobalSection
	GlobalSection(ExtensibilityGlobals) = postSolution
		SolutionGuid = {792D3AA1-3C18-4334-A3F9-C684D33A44B0}
	EndGlobalSection
EndGlobal
